
Microsoft Visual Studio Solution File, Format Version 12.00
# Visual Studio Version 17
VisualStudioVersion = 17.12.35506.116 d17.12
MinimumVisualStudioVersion = 10.0.40219.1
Project("{FAE04EC0-301F-11D3-BF4B-00C04F79EFBC}") = "Level 29 - War Preparations", "Level 29 - War Preparations.csproj", "{7E53FD8A-9565-4013-99E4-E218DFB05F8E}"
EndProject
Global
	GlobalSection(SolutionConfigurationPlatforms) = preSolution
		Debug|Any CPU = Debug|Any CPU
		Release|Any CPU = Release|Any CPU
	EndGlobalSection
	GlobalSection(ProjectConfigurationPlatforms) = postSolution
		{7E53FD8A-9565-4013-99E4-E218DFB05F8E}.Debug|Any CPU.ActiveCfg = Debug|Any CPU
		{7E53FD8A-9565-4013-99E4-E218DFB05F8E}.Debug|Any CPU.Build.0 = Debug|Any CPU
		{7E53FD8A-9565-4013-99E4-E218DFB05F8E}.Release|Any CPU.ActiveCfg = Release|Any CPU
		{7E53FD8A-9565-4013-99E4-E218DFB05F8E}.Release|Any CPU.Build.0 = Release|Any CPU
	EndGlobalSection
	GlobalSection(SolutionProperties) = preSolution
		HideSolutionNode = FALSE
	EndGlobalSection
EndGlobal
