
Microsoft Visual Studio Solution File, Format Version 12.00
# Visual Studio Version 17
VisualStudioVersion = 17.12.35506.116 d17.12
MinimumVisualStudioVersion = 10.0.40219.1
Project("{FAE04EC0-301F-11D3-BF4B-00C04F79EFBC}") = "Level 28 - Room Coordinates", "Level 28 - Room Coordinates.csproj", "{51ED0B03-AFCB-45B6-88F3-92A9CB707171}"
EndProject
Global
	GlobalSection(SolutionConfigurationPlatforms) = preSolution
		Debug|Any CPU = Debug|Any CPU
		Release|Any CPU = Release|Any CPU
	EndGlobalSection
	GlobalSection(ProjectConfigurationPlatforms) = postSolution
		{51ED0B03-AFCB-45B6-88F3-92A9CB707171}.Debug|Any CPU.ActiveCfg = Debug|Any CPU
		{51ED0B03-AFCB-45B6-88F3-92A9CB707171}.Debug|Any CPU.Build.0 = Debug|Any CPU
		{51ED0B03-AFCB-45B6-88F3-92A9CB707171}.Release|Any CPU.ActiveCfg = Release|Any CPU
		{51ED0B03-AFCB-45B6-88F3-92A9CB707171}.Release|Any CPU.Build.0 = Release|Any CPU
	EndGlobalSection
	GlobalSection(SolutionProperties) = preSolution
		HideSolutionNode = FALSE
	EndGlobalSection
EndGlobal
